// !$*UTF8*$!
{
	archiveVersion = 1;
	classes = {
	};
	objectVersion = 46;
	objects = {

/* Begin PBXBuildFile section */
		431D05D41BDD5C8A00A9C14D /* SubmitViewController.swift in Sources */ = {isa = PBXBuildFile; fileRef = 431D05D31BDD5C8A00A9C14D /* SubmitViewController.swift */; };
		431D05D61BDD636900A9C14D /* SubmitDetailsTableViewController.swift in Sources */ = {isa = PBXBuildFile; fileRef = 431D05D51BDD636900A9C14D /* SubmitDetailsTableViewController.swift */; };
		43670BBB1BD454F400051EB1 /* BattleTableViewCell.swift in Sources */ = {isa = PBXBuildFile; fileRef = 43670BBA1BD454F400051EB1 /* BattleTableViewCell.swift */; };
		436821B71BCEA76F004DAD89 /* BattlesTableViewController.swift in Sources */ = {isa = PBXBuildFile; fileRef = 436821B61BCEA76F004DAD89 /* BattlesTableViewController.swift */; };
		436821B91BCEA783004DAD89 /* CreateBattleViewController.swift in Sources */ = {isa = PBXBuildFile; fileRef = 436821B81BCEA783004DAD89 /* CreateBattleViewController.swift */; };
		43F087A91BC07363007FD933 /* AppDelegate.swift in Sources */ = {isa = PBXBuildFile; fileRef = 43F087A81BC07363007FD933 /* AppDelegate.swift */; };
		43F087AB1BC07363007FD933 /* ViewController.swift in Sources */ = {isa = PBXBuildFile; fileRef = 43F087AA1BC07363007FD933 /* ViewController.swift */; };
		43F087AE1BC07363007FD933 /* Home.storyboard in Resources */ = {isa = PBXBuildFile; fileRef = 43F087AC1BC07363007FD933 /* Home.storyboard */; };
		43F087B01BC07363007FD933 /* Assets.xcassets in Resources */ = {isa = PBXBuildFile; fileRef = 43F087AF1BC07363007FD933 /* Assets.xcassets */; };
		43F087B31BC07363007FD933 /* LaunchScreen.storyboard in Resources */ = {isa = PBXBuildFile; fileRef = 43F087B11BC07363007FD933 /* LaunchScreen.storyboard */; };
		43F087BD1BC07460007FD933 /* FBSDKCoreKit.framework in Frameworks */ = {isa = PBXBuildFile; fileRef = 43F087BA1BC07460007FD933 /* FBSDKCoreKit.framework */; };
		43F087BE1BC07460007FD933 /* FBSDKLoginKit.framework in Frameworks */ = {isa = PBXBuildFile; fileRef = 43F087BB1BC07460007FD933 /* FBSDKLoginKit.framework */; };
		43F087BF1BC07460007FD933 /* FBSDKShareKit.framework in Frameworks */ = {isa = PBXBuildFile; fileRef = 43F087BC1BC07460007FD933 /* FBSDKShareKit.framework */; };
		43F087C51BC07611007FD933 /* Bolts.framework in Frameworks */ = {isa = PBXBuildFile; fileRef = 43F087C11BC07611007FD933 /* Bolts.framework */; };
		43F087C61BC07612007FD933 /* Parse.framework in Frameworks */ = {isa = PBXBuildFile; fileRef = 43F087C21BC07611007FD933 /* Parse.framework */; };
		43F087C71BC07612007FD933 /* ParseFacebookUtils.framework in Frameworks */ = {isa = PBXBuildFile; fileRef = 43F087C31BC07611007FD933 /* ParseFacebookUtils.framework */; };
		43F087C81BC07612007FD933 /* ParseFacebookUtilsV4.framework in Frameworks */ = {isa = PBXBuildFile; fileRef = 43F087C41BC07611007FD933 /* ParseFacebookUtilsV4.framework */; };
		43F087CB1BC0765E007FD933 /* Accounts.framework in Frameworks */ = {isa = PBXBuildFile; fileRef = 43F087CA1BC0765E007FD933 /* Accounts.framework */; };
		43F087CD1BC07670007FD933 /* AudioToolbox.framework in Frameworks */ = {isa = PBXBuildFile; fileRef = 43F087CC1BC07670007FD933 /* AudioToolbox.framework */; };
		43F087CF1BC07677007FD933 /* CFNetwork.framework in Frameworks */ = {isa = PBXBuildFile; fileRef = 43F087CE1BC07677007FD933 /* CFNetwork.framework */; };
		43F087D11BC07680007FD933 /* CoreGraphics.framework in Frameworks */ = {isa = PBXBuildFile; fileRef = 43F087D01BC07680007FD933 /* CoreGraphics.framework */; };
		43F087D31BC0768B007FD933 /* CoreLocation.framework in Frameworks */ = {isa = PBXBuildFile; fileRef = 43F087D21BC0768B007FD933 /* CoreLocation.framework */; };
		43F087D51BC07692007FD933 /* QuartzCore.framework in Frameworks */ = {isa = PBXBuildFile; fileRef = 43F087D41BC07692007FD933 /* QuartzCore.framework */; };
		43F087D71BC0769A007FD933 /* Security.framework in Frameworks */ = {isa = PBXBuildFile; fileRef = 43F087D61BC0769A007FD933 /* Security.framework */; };
		43F087D91BC076A0007FD933 /* Social.framework in Frameworks */ = {isa = PBXBuildFile; fileRef = 43F087D81BC076A0007FD933 /* Social.framework */; };
		43F087DB1BC076A7007FD933 /* StoreKit.framework in Frameworks */ = {isa = PBXBuildFile; fileRef = 43F087DA1BC076A7007FD933 /* StoreKit.framework */; };
		43F087DD1BC076B6007FD933 /* SystemConfiguration.framework in Frameworks */ = {isa = PBXBuildFile; fileRef = 43F087DC1BC076B6007FD933 /* SystemConfiguration.framework */; };
		43F087DF1BC076C8007FD933 /* libz.tbd in Frameworks */ = {isa = PBXBuildFile; fileRef = 43F087DE1BC076C8007FD933 /* libz.tbd */; };
		43F087E11BC076D3007FD933 /* libsqlite3.tbd in Frameworks */ = {isa = PBXBuildFile; fileRef = 43F087E01BC076D3007FD933 /* libsqlite3.tbd */; };
		43F087E31BC07975007FD933 /* Default-568h@2x.png in Resources */ = {isa = PBXBuildFile; fileRef = 43F087E21BC07975007FD933 /* Default-568h@2x.png */; };
		5029EA0D1BD2190E00288659 /* loginButton.png in Resources */ = {isa = PBXBuildFile; fileRef = 5029EA0C1BD2190E00288659 /* loginButton.png */; };
		50806D951BD4719100575253 /* temp1.png in Resources */ = {isa = PBXBuildFile; fileRef = 50806D8B1BD4719100575253 /* temp1.png */; };
		50806D961BD4719100575253 /* temp2.png in Resources */ = {isa = PBXBuildFile; fileRef = 50806D8C1BD4719100575253 /* temp2.png */; };
		50806D971BD4719100575253 /* temp3.png in Resources */ = {isa = PBXBuildFile; fileRef = 50806D8D1BD4719100575253 /* temp3.png */; };
		50806D981BD4719100575253 /* temp4.png in Resources */ = {isa = PBXBuildFile; fileRef = 50806D8E1BD4719100575253 /* temp4.png */; };
		50806D991BD4719100575253 /* temp5.png in Resources */ = {isa = PBXBuildFile; fileRef = 50806D8F1BD4719100575253 /* temp5.png */; };
		50806D9A1BD4719100575253 /* temp6.png in Resources */ = {isa = PBXBuildFile; fileRef = 50806D901BD4719100575253 /* temp6.png */; };
		50806D9B1BD4719100575253 /* temp7.png in Resources */ = {isa = PBXBuildFile; fileRef = 50806D911BD4719100575253 /* temp7.png */; };
		50806D9C1BD4719100575253 /* temp8.png in Resources */ = {isa = PBXBuildFile; fileRef = 50806D921BD4719100575253 /* temp8.png */; };
		50806D9D1BD4719100575253 /* temp9.png in Resources */ = {isa = PBXBuildFile; fileRef = 50806D931BD4719100575253 /* temp9.png */; };
		50806D9E1BD4719100575253 /* temp10.png in Resources */ = {isa = PBXBuildFile; fileRef = 50806D941BD4719100575253 /* temp10.png */; };
		50AE72811BD35F2000F562B3 /* plus.png in Resources */ = {isa = PBXBuildFile; fileRef = 50AE72801BD35F2000F562B3 /* plus.png */; };
		50BE2CFC1BCB05DD0096618A /* NewUserViewController.swift in Sources */ = {isa = PBXBuildFile; fileRef = 50BE2CFB1BCB05DD0096618A /* NewUserViewController.swift */; };
		50C316031BDD785E009EAD1F /* Main.storyboard in Resources */ = {isa = PBXBuildFile; fileRef = 50C316021BDD785E009EAD1F /* Main.storyboard */; };
		50C316061BDD82B0009EAD1F /* Create.storyboard in Resources */ = {isa = PBXBuildFile; fileRef = 50C316051BDD82B0009EAD1F /* Create.storyboard */; };
		50E303B21BD60E4A00F810B3 /* DataModelProtocol.swift in Sources */ = {isa = PBXBuildFile; fileRef = 50E303B11BD60E4A00F810B3 /* DataModelProtocol.swift */; };
		50E303B41BD625E400F810B3 /* wallpaper.png in Resources */ = {isa = PBXBuildFile; fileRef = 50E303B31BD625E400F810B3 /* wallpaper.png */; };
		50F822321BD4471A00048035 /* BattlesNavigationController.swift in Sources */ = {isa = PBXBuildFile; fileRef = 50F822311BD4471A00048035 /* BattlesNavigationController.swift */; };
		581B5C3D1BDD6EB000B79D34 /* cameraIcon.png in Resources */ = {isa = PBXBuildFile; fileRef = 581B5C3C1BDD6EB000B79D34 /* cameraIcon.png */; };
/* End PBXBuildFile section */

/* Begin PBXFileReference section */
		431D05D31BDD5C8A00A9C14D /* SubmitViewController.swift */ = {isa = PBXFileReference; fileEncoding = 4; lastKnownFileType = sourcecode.swift; path = SubmitViewController.swift; sourceTree = "<group>"; };
		431D05D51BDD636900A9C14D /* SubmitDetailsTableViewController.swift */ = {isa = PBXFileReference; fileEncoding = 4; lastKnownFileType = sourcecode.swift; path = SubmitDetailsTableViewController.swift; sourceTree = "<group>"; };
		43670BBA1BD454F400051EB1 /* BattleTableViewCell.swift */ = {isa = PBXFileReference; fileEncoding = 4; lastKnownFileType = sourcecode.swift; path = BattleTableViewCell.swift; sourceTree = "<group>"; };
		436821B61BCEA76F004DAD89 /* BattlesTableViewController.swift */ = {isa = PBXFileReference; fileEncoding = 4; lastKnownFileType = sourcecode.swift; path = BattlesTableViewController.swift; sourceTree = "<group>"; };
		436821B81BCEA783004DAD89 /* CreateBattleViewController.swift */ = {isa = PBXFileReference; fileEncoding = 4; lastKnownFileType = sourcecode.swift; path = CreateBattleViewController.swift; sourceTree = "<group>"; };
		43F087A51BC07363007FD933 /* pikkl.app */ = {isa = PBXFileReference; explicitFileType = wrapper.application; includeInIndex = 0; path = pikkl.app; sourceTree = BUILT_PRODUCTS_DIR; };
		43F087A81BC07363007FD933 /* AppDelegate.swift */ = {isa = PBXFileReference; lastKnownFileType = sourcecode.swift; path = AppDelegate.swift; sourceTree = "<group>"; };
		43F087AA1BC07363007FD933 /* ViewController.swift */ = {isa = PBXFileReference; lastKnownFileType = sourcecode.swift; path = ViewController.swift; sourceTree = "<group>"; };
		43F087AD1BC07363007FD933 /* Base */ = {isa = PBXFileReference; lastKnownFileType = file.storyboard; name = Base; path = Base.lproj/Home.storyboard; sourceTree = "<group>"; };
		43F087AF1BC07363007FD933 /* Assets.xcassets */ = {isa = PBXFileReference; lastKnownFileType = folder.assetcatalog; path = Assets.xcassets; sourceTree = "<group>"; };
		43F087B21BC07363007FD933 /* Base */ = {isa = PBXFileReference; lastKnownFileType = file.storyboard; name = Base; path = Base.lproj/LaunchScreen.storyboard; sourceTree = "<group>"; };
		43F087B41BC07363007FD933 /* Info.plist */ = {isa = PBXFileReference; lastKnownFileType = text.plist.xml; path = Info.plist; sourceTree = "<group>"; };
		43F087BA1BC07460007FD933 /* FBSDKCoreKit.framework */ = {isa = PBXFileReference; lastKnownFileType = wrapper.framework; path = FBSDKCoreKit.framework; sourceTree = "<group>"; };
		43F087BB1BC07460007FD933 /* FBSDKLoginKit.framework */ = {isa = PBXFileReference; lastKnownFileType = wrapper.framework; path = FBSDKLoginKit.framework; sourceTree = "<group>"; };
		43F087BC1BC07460007FD933 /* FBSDKShareKit.framework */ = {isa = PBXFileReference; lastKnownFileType = wrapper.framework; path = FBSDKShareKit.framework; sourceTree = "<group>"; };
		43F087C11BC07611007FD933 /* Bolts.framework */ = {isa = PBXFileReference; lastKnownFileType = wrapper.framework; path = Bolts.framework; sourceTree = "<group>"; };
		43F087C21BC07611007FD933 /* Parse.framework */ = {isa = PBXFileReference; lastKnownFileType = wrapper.framework; path = Parse.framework; sourceTree = "<group>"; };
		43F087C31BC07611007FD933 /* ParseFacebookUtils.framework */ = {isa = PBXFileReference; lastKnownFileType = wrapper.framework; path = ParseFacebookUtils.framework; sourceTree = "<group>"; };
		43F087C41BC07611007FD933 /* ParseFacebookUtilsV4.framework */ = {isa = PBXFileReference; lastKnownFileType = wrapper.framework; path = ParseFacebookUtilsV4.framework; sourceTree = "<group>"; };
		43F087CA1BC0765E007FD933 /* Accounts.framework */ = {isa = PBXFileReference; lastKnownFileType = wrapper.framework; name = Accounts.framework; path = System/Library/Frameworks/Accounts.framework; sourceTree = SDKROOT; };
		43F087CC1BC07670007FD933 /* AudioToolbox.framework */ = {isa = PBXFileReference; lastKnownFileType = wrapper.framework; name = AudioToolbox.framework; path = System/Library/Frameworks/AudioToolbox.framework; sourceTree = SDKROOT; };
		43F087CE1BC07677007FD933 /* CFNetwork.framework */ = {isa = PBXFileReference; lastKnownFileType = wrapper.framework; name = CFNetwork.framework; path = System/Library/Frameworks/CFNetwork.framework; sourceTree = SDKROOT; };
		43F087D01BC07680007FD933 /* CoreGraphics.framework */ = {isa = PBXFileReference; lastKnownFileType = wrapper.framework; name = CoreGraphics.framework; path = System/Library/Frameworks/CoreGraphics.framework; sourceTree = SDKROOT; };
		43F087D21BC0768B007FD933 /* CoreLocation.framework */ = {isa = PBXFileReference; lastKnownFileType = wrapper.framework; name = CoreLocation.framework; path = System/Library/Frameworks/CoreLocation.framework; sourceTree = SDKROOT; };
		43F087D41BC07692007FD933 /* QuartzCore.framework */ = {isa = PBXFileReference; lastKnownFileType = wrapper.framework; name = QuartzCore.framework; path = System/Library/Frameworks/QuartzCore.framework; sourceTree = SDKROOT; };
		43F087D61BC0769A007FD933 /* Security.framework */ = {isa = PBXFileReference; lastKnownFileType = wrapper.framework; name = Security.framework; path = System/Library/Frameworks/Security.framework; sourceTree = SDKROOT; };
		43F087D81BC076A0007FD933 /* Social.framework */ = {isa = PBXFileReference; lastKnownFileType = wrapper.framework; name = Social.framework; path = System/Library/Frameworks/Social.framework; sourceTree = SDKROOT; };
		43F087DA1BC076A7007FD933 /* StoreKit.framework */ = {isa = PBXFileReference; lastKnownFileType = wrapper.framework; name = StoreKit.framework; path = System/Library/Frameworks/StoreKit.framework; sourceTree = SDKROOT; };
		43F087DC1BC076B6007FD933 /* SystemConfiguration.framework */ = {isa = PBXFileReference; lastKnownFileType = wrapper.framework; name = SystemConfiguration.framework; path = System/Library/Frameworks/SystemConfiguration.framework; sourceTree = SDKROOT; };
		43F087DE1BC076C8007FD933 /* libz.tbd */ = {isa = PBXFileReference; lastKnownFileType = "sourcecode.text-based-dylib-definition"; name = libz.tbd; path = usr/lib/libz.tbd; sourceTree = SDKROOT; };
		43F087E01BC076D3007FD933 /* libsqlite3.tbd */ = {isa = PBXFileReference; lastKnownFileType = "sourcecode.text-based-dylib-definition"; name = libsqlite3.tbd; path = usr/lib/libsqlite3.tbd; sourceTree = SDKROOT; };
		43F087E21BC07975007FD933 /* Default-568h@2x.png */ = {isa = PBXFileReference; lastKnownFileType = image.png; path = "Default-568h@2x.png"; sourceTree = "<group>"; };
		5029EA0C1BD2190E00288659 /* loginButton.png */ = {isa = PBXFileReference; lastKnownFileType = image.png; path = loginButton.png; sourceTree = "<group>"; };
		50806D8B1BD4719100575253 /* temp1.png */ = {isa = PBXFileReference; lastKnownFileType = image.png; path = temp1.png; sourceTree = "<group>"; };
		50806D8C1BD4719100575253 /* temp2.png */ = {isa = PBXFileReference; lastKnownFileType = image.png; path = temp2.png; sourceTree = "<group>"; };
		50806D8D1BD4719100575253 /* temp3.png */ = {isa = PBXFileReference; lastKnownFileType = image.png; path = temp3.png; sourceTree = "<group>"; };
		50806D8E1BD4719100575253 /* temp4.png */ = {isa = PBXFileReference; lastKnownFileType = image.png; path = temp4.png; sourceTree = "<group>"; };
		50806D8F1BD4719100575253 /* temp5.png */ = {isa = PBXFileReference; lastKnownFileType = image.png; path = temp5.png; sourceTree = "<group>"; };
		50806D901BD4719100575253 /* temp6.png */ = {isa = PBXFileReference; lastKnownFileType = image.png; path = temp6.png; sourceTree = "<group>"; };
		50806D911BD4719100575253 /* temp7.png */ = {isa = PBXFileReference; lastKnownFileType = image.png; path = temp7.png; sourceTree = "<group>"; };
		50806D921BD4719100575253 /* temp8.png */ = {isa = PBXFileReference; lastKnownFileType = image.png; path = temp8.png; sourceTree = "<group>"; };
		50806D931BD4719100575253 /* temp9.png */ = {isa = PBXFileReference; lastKnownFileType = image.png; path = temp9.png; sourceTree = "<group>"; };
		50806D941BD4719100575253 /* temp10.png */ = {isa = PBXFileReference; lastKnownFileType = image.png; path = temp10.png; sourceTree = "<group>"; };
		50AE72801BD35F2000F562B3 /* plus.png */ = {isa = PBXFileReference; lastKnownFileType = image.png; path = plus.png; sourceTree = "<group>"; };
		50BE2CFB1BCB05DD0096618A /* NewUserViewController.swift */ = {isa = PBXFileReference; fileEncoding = 4; lastKnownFileType = sourcecode.swift; path = NewUserViewController.swift; sourceTree = "<group>"; };
		50C316021BDD785E009EAD1F /* Main.storyboard */ = {isa = PBXFileReference; fileEncoding = 4; lastKnownFileType = file.storyboard; path = Main.storyboard; sourceTree = "<group>"; };
		50C316051BDD82B0009EAD1F /* Create.storyboard */ = {isa = PBXFileReference; fileEncoding = 4; lastKnownFileType = file.storyboard; path = Create.storyboard; sourceTree = "<group>"; };
		50E303B11BD60E4A00F810B3 /* DataModelProtocol.swift */ = {isa = PBXFileReference; fileEncoding = 4; lastKnownFileType = sourcecode.swift; path = DataModelProtocol.swift; sourceTree = "<group>"; };
		50E303B31BD625E400F810B3 /* wallpaper.png */ = {isa = PBXFileReference; lastKnownFileType = image.png; path = wallpaper.png; sourceTree = "<group>"; };
		50F822311BD4471A00048035 /* BattlesNavigationController.swift */ = {isa = PBXFileReference; fileEncoding = 4; lastKnownFileType = sourcecode.swift; path = BattlesNavigationController.swift; sourceTree = "<group>"; };
		581B5C3C1BDD6EB000B79D34 /* cameraIcon.png */ = {isa = PBXFileReference; lastKnownFileType = image.png; path = cameraIcon.png; sourceTree = "<group>"; };
/* End PBXFileReference section */

/* Begin PBXFrameworksBuildPhase section */
		43F087A21BC07363007FD933 /* Frameworks */ = {
			isa = PBXFrameworksBuildPhase;
			buildActionMask = 2147483647;
			files = (
				43F087E11BC076D3007FD933 /* libsqlite3.tbd in Frameworks */,
				43F087DF1BC076C8007FD933 /* libz.tbd in Frameworks */,
				43F087DD1BC076B6007FD933 /* SystemConfiguration.framework in Frameworks */,
				43F087DB1BC076A7007FD933 /* StoreKit.framework in Frameworks */,
				43F087D91BC076A0007FD933 /* Social.framework in Frameworks */,
				43F087D71BC0769A007FD933 /* Security.framework in Frameworks */,
				43F087D51BC07692007FD933 /* QuartzCore.framework in Frameworks */,
				43F087D31BC0768B007FD933 /* CoreLocation.framework in Frameworks */,
				43F087D11BC07680007FD933 /* CoreGraphics.framework in Frameworks */,
				43F087CF1BC07677007FD933 /* CFNetwork.framework in Frameworks */,
				43F087CD1BC07670007FD933 /* AudioToolbox.framework in Frameworks */,
				43F087CB1BC0765E007FD933 /* Accounts.framework in Frameworks */,
				43F087BE1BC07460007FD933 /* FBSDKLoginKit.framework in Frameworks */,
				43F087BD1BC07460007FD933 /* FBSDKCoreKit.framework in Frameworks */,
				43F087C81BC07612007FD933 /* ParseFacebookUtilsV4.framework in Frameworks */,
				43F087C71BC07612007FD933 /* ParseFacebookUtils.framework in Frameworks */,
				43F087BF1BC07460007FD933 /* FBSDKShareKit.framework in Frameworks */,
				43F087C51BC07611007FD933 /* Bolts.framework in Frameworks */,
				43F087C61BC07612007FD933 /* Parse.framework in Frameworks */,
			);
			runOnlyForDeploymentPostprocessing = 0;
		};
/* End PBXFrameworksBuildPhase section */

/* Begin PBXGroup section */
		43F0879C1BC07363007FD933 = {
			isa = PBXGroup;
			children = (
				43F087E21BC07975007FD933 /* Default-568h@2x.png */,
				43F087E01BC076D3007FD933 /* libsqlite3.tbd */,
				43F087DE1BC076C8007FD933 /* libz.tbd */,
				43F087DC1BC076B6007FD933 /* SystemConfiguration.framework */,
				43F087DA1BC076A7007FD933 /* StoreKit.framework */,
				43F087D81BC076A0007FD933 /* Social.framework */,
				43F087D61BC0769A007FD933 /* Security.framework */,
				43F087D41BC07692007FD933 /* QuartzCore.framework */,
				43F087D21BC0768B007FD933 /* CoreLocation.framework */,
				43F087D01BC07680007FD933 /* CoreGraphics.framework */,
				43F087CE1BC07677007FD933 /* CFNetwork.framework */,
				43F087CC1BC07670007FD933 /* AudioToolbox.framework */,
				43F087CA1BC0765E007FD933 /* Accounts.framework */,
				43F087C91BC07623007FD933 /* ParseSDK */,
				43F087A71BC07363007FD933 /* Category */,
				43F087A61BC07363007FD933 /* Products */,
			);
			sourceTree = "<group>";
		};
		43F087A61BC07363007FD933 /* Products */ = {
			isa = PBXGroup;
			children = (
				43F087A51BC07363007FD933 /* pikkl.app */,
			);
			name = Products;
			sourceTree = "<group>";
		};
		43F087A71BC07363007FD933 /* Category */ = {
			isa = PBXGroup;
			children = (
				50C316071BDD844D009EAD1F /* Home */,
				50C316041BDD8224009EAD1F /* Create */,
				50C316011BDD77D7009EAD1F /* Login */,
				5029EA0B1BD218F100288659 /* images */,
				43F087C01BC0746B007FD933 /* FacebookSDK */,
				431D05D51BDD636900A9C14D /* SubmitDetailsTableViewController.swift */,
				431D05D31BDD5C8A00A9C14D /* SubmitViewController.swift */,
				43F087A81BC07363007FD933 /* AppDelegate.swift */,
				43F087AF1BC07363007FD933 /* Assets.xcassets */,
				43F087B11BC07363007FD933 /* LaunchScreen.storyboard */,
				43F087B41BC07363007FD933 /* Info.plist */,
				50F822311BD4471A00048035 /* BattlesNavigationController.swift */,
				50E303B11BD60E4A00F810B3 /* DataModelProtocol.swift */,
			);
			path = Category;
			sourceTree = "<group>";
		};
		43F087C01BC0746B007FD933 /* FacebookSDK */ = {
			isa = PBXGroup;
			children = (
				43F087BA1BC07460007FD933 /* FBSDKCoreKit.framework */,
				43F087BB1BC07460007FD933 /* FBSDKLoginKit.framework */,
				43F087BC1BC07460007FD933 /* FBSDKShareKit.framework */,
			);
			name = FacebookSDK;
			sourceTree = "<group>";
		};
		43F087C91BC07623007FD933 /* ParseSDK */ = {
			isa = PBXGroup;
			children = (
				43F087C11BC07611007FD933 /* Bolts.framework */,
				43F087C21BC07611007FD933 /* Parse.framework */,
				43F087C31BC07611007FD933 /* ParseFacebookUtils.framework */,
				43F087C41BC07611007FD933 /* ParseFacebookUtilsV4.framework */,
			);
			name = ParseSDK;
			sourceTree = "<group>";
		};
		5029EA0B1BD218F100288659 /* images */ = {
			isa = PBXGroup;
			children = (
				50E303B31BD625E400F810B3 /* wallpaper.png */,
				581B5C3C1BDD6EB000B79D34 /* cameraIcon.png */,
				50806D8B1BD4719100575253 /* temp1.png */,
				50806D8C1BD4719100575253 /* temp2.png */,
				50806D8D1BD4719100575253 /* temp3.png */,
				50806D8E1BD4719100575253 /* temp4.png */,
				50806D8F1BD4719100575253 /* temp5.png */,
				50806D901BD4719100575253 /* temp6.png */,
				50806D911BD4719100575253 /* temp7.png */,
				50806D921BD4719100575253 /* temp8.png */,
				50806D931BD4719100575253 /* temp9.png */,
				50806D941BD4719100575253 /* temp10.png */,
				50AE72801BD35F2000F562B3 /* plus.png */,
				5029EA0C1BD2190E00288659 /* loginButton.png */,
			);
			name = images;
			sourceTree = "<group>";
		};
		50C316011BDD77D7009EAD1F /* Login */ = {
			isa = PBXGroup;
			children = (
				50C316021BDD785E009EAD1F /* Main.storyboard */,
				43F087AA1BC07363007FD933 /* ViewController.swift */,
				50BE2CFB1BCB05DD0096618A /* NewUserViewController.swift */,
			);
			name = Login;
			sourceTree = "<group>";
		};
		50C316041BDD8224009EAD1F /* Create */ = {
			isa = PBXGroup;
			children = (
				436821B81BCEA783004DAD89 /* CreateBattleViewController.swift */,
				50C316051BDD82B0009EAD1F /* Create.storyboard */,
			);
			name = Create;
			sourceTree = "<group>";
		};
		50C316071BDD844D009EAD1F /* Home */ = {
			isa = PBXGroup;
			children = (
				43F087AC1BC07363007FD933 /* Home.storyboard */,
				436821B61BCEA76F004DAD89 /* BattlesTableViewController.swift */,
				43670BBA1BD454F400051EB1 /* BattleTableViewCell.swift */,
			);
			name = Home;
			sourceTree = "<group>";
		};
/* End PBXGroup section */

/* Begin PBXNativeTarget section */
		43F087A41BC07363007FD933 /* pikkl */ = {
			isa = PBXNativeTarget;
			buildConfigurationList = 43F087B71BC07363007FD933 /* Build configuration list for PBXNativeTarget "pikkl" */;
			buildPhases = (
				43F087A11BC07363007FD933 /* Sources */,
				43F087A21BC07363007FD933 /* Frameworks */,
				43F087A31BC07363007FD933 /* Resources */,
			);
			buildRules = (
			);
			dependencies = (
			);
			name = pikkl;
			productName = Category;
			productReference = 43F087A51BC07363007FD933 /* pikkl.app */;
			productType = "com.apple.product-type.application";
		};
/* End PBXNativeTarget section */

/* Begin PBXProject section */
		43F0879D1BC07363007FD933 /* Project object */ = {
			isa = PBXProject;
			attributes = {
				LastUpgradeCheck = 0700;
				ORGANIZATIONNAME = CS378;
				TargetAttributes = {
					43F087A41BC07363007FD933 = {
						CreatedOnToolsVersion = 7.0;
					};
				};
			};
			buildConfigurationList = 43F087A01BC07363007FD933 /* Build configuration list for PBXProject "pikkl" */;
			compatibilityVersion = "Xcode 3.2";
			developmentRegion = English;
			hasScannedForEncodings = 0;
			knownRegions = (
				en,
				Base,
			);
			mainGroup = 43F0879C1BC07363007FD933;
			productRefGroup = 43F087A61BC07363007FD933 /* Products */;
			projectDirPath = "";
			projectRoot = "";
			targets = (
				43F087A41BC07363007FD933 /* pikkl */,
			);
		};
/* End PBXProject section */

/* Begin PBXResourcesBuildPhase section */
		43F087A31BC07363007FD933 /* Resources */ = {
			isa = PBXResourcesBuildPhase;
			buildActionMask = 2147483647;
			files = (
				50C316061BDD82B0009EAD1F /* Create.storyboard in Resources */,
				43F087B31BC07363007FD933 /* LaunchScreen.storyboard in Resources */,
				50C316031BDD785E009EAD1F /* Main.storyboard in Resources */,
				50806D9B1BD4719100575253 /* temp7.png in Resources */,
				50806D9D1BD4719100575253 /* temp9.png in Resources */,
				43F087E31BC07975007FD933 /* Default-568h@2x.png in Resources */,
				50806D9E1BD4719100575253 /* temp10.png in Resources */,
				50806D981BD4719100575253 /* temp4.png in Resources */,
				50806D991BD4719100575253 /* temp5.png in Resources */,
				5029EA0D1BD2190E00288659 /* loginButton.png in Resources */,
				50806D9C1BD4719100575253 /* temp8.png in Resources */,
				581B5C3D1BDD6EB000B79D34 /* cameraIcon.png in Resources */,
				43F087B01BC07363007FD933 /* Assets.xcassets in Resources */,
				50806D961BD4719100575253 /* temp2.png in Resources */,
				43F087AE1BC07363007FD933 /* Home.storyboard in Resources */,
				50E303B41BD625E400F810B3 /* wallpaper.png in Resources */,
				50806D9A1BD4719100575253 /* temp6.png in Resources */,
				50AE72811BD35F2000F562B3 /* plus.png in Resources */,
				50806D951BD4719100575253 /* temp1.png in Resources */,
				50806D971BD4719100575253 /* temp3.png in Resources */,
			);
			runOnlyForDeploymentPostprocessing = 0;
		};
/* End PBXResourcesBuildPhase section */

/* Begin PBXSourcesBuildPhase section */
		43F087A11BC07363007FD933 /* Sources */ = {
			isa = PBXSourcesBuildPhase;
			buildActionMask = 2147483647;
			files = (
				436821B91BCEA783004DAD89 /* CreateBattleViewController.swift in Sources */,
				43F087AB1BC07363007FD933 /* ViewController.swift in Sources */,
				50BE2CFC1BCB05DD0096618A /* NewUserViewController.swift in Sources */,
				50F822321BD4471A00048035 /* BattlesNavigationController.swift in Sources */,
				431D05D41BDD5C8A00A9C14D /* SubmitViewController.swift in Sources */,
				43670BBB1BD454F400051EB1 /* BattleTableViewCell.swift in Sources */,
				431D05D61BDD636900A9C14D /* SubmitDetailsTableViewController.swift in Sources */,
				436821B71BCEA76F004DAD89 /* BattlesTableViewController.swift in Sources */,
				43F087A91BC07363007FD933 /* AppDelegate.swift in Sources */,
				50E303B21BD60E4A00F810B3 /* DataModelProtocol.swift in Sources */,
			);
			runOnlyForDeploymentPostprocessing = 0;
		};
/* End PBXSourcesBuildPhase section */

/* Begin PBXVariantGroup section */
		43F087AC1BC07363007FD933 /* Home.storyboard */ = {
			isa = PBXVariantGroup;
			children = (
				43F087AD1BC07363007FD933 /* Base */,
			);
			name = Home.storyboard;
			sourceTree = "<group>";
		};
		43F087B11BC07363007FD933 /* LaunchScreen.storyboard */ = {
			isa = PBXVariantGroup;
			children = (
				43F087B21BC07363007FD933 /* Base */,
			);
			name = LaunchScreen.storyboard;
			sourceTree = "<group>";
		};
/* End PBXVariantGroup section */

/* Begin XCBuildConfiguration section */
		43F087B51BC07363007FD933 /* Debug */ = {
			isa = XCBuildConfiguration;
			buildSettings = {
				ALWAYS_SEARCH_USER_PATHS = NO;
				CLANG_CXX_LANGUAGE_STANDARD = "gnu++0x";
				CLANG_CXX_LIBRARY = "libc++";
				CLANG_ENABLE_MODULES = YES;
				CLANG_ENABLE_OBJC_ARC = YES;
				CLANG_WARN_BOOL_CONVERSION = YES;
				CLANG_WARN_CONSTANT_CONVERSION = YES;
				CLANG_WARN_DIRECT_OBJC_ISA_USAGE = YES_ERROR;
				CLANG_WARN_EMPTY_BODY = YES;
				CLANG_WARN_ENUM_CONVERSION = YES;
				CLANG_WARN_INT_CONVERSION = YES;
				CLANG_WARN_OBJC_ROOT_CLASS = YES_ERROR;
				CLANG_WARN_UNREACHABLE_CODE = YES;
				CLANG_WARN__DUPLICATE_METHOD_MATCH = YES;
				"CODE_SIGN_IDENTITY[sdk=iphoneos*]" = "iPhone Developer";
				COPY_PHASE_STRIP = NO;
				DEBUG_INFORMATION_FORMAT = dwarf;
				ENABLE_STRICT_OBJC_MSGSEND = YES;
				ENABLE_TESTABILITY = YES;
				GCC_C_LANGUAGE_STANDARD = gnu99;
				GCC_DYNAMIC_NO_PIC = NO;
				GCC_NO_COMMON_BLOCKS = YES;
				GCC_OPTIMIZATION_LEVEL = 0;
				GCC_PREPROCESSOR_DEFINITIONS = (
					"DEBUG=1",
					"$(inherited)",
				);
				GCC_WARN_64_TO_32_BIT_CONVERSION = YES;
				GCC_WARN_ABOUT_RETURN_TYPE = YES_ERROR;
				GCC_WARN_UNDECLARED_SELECTOR = YES;
				GCC_WARN_UNINITIALIZED_AUTOS = YES_AGGRESSIVE;
				GCC_WARN_UNUSED_FUNCTION = YES;
				GCC_WARN_UNUSED_VARIABLE = YES;
				IPHONEOS_DEPLOYMENT_TARGET = 9.0;
				MTL_ENABLE_DEBUG_INFO = YES;
				ONLY_ACTIVE_ARCH = YES;
				SDKROOT = iphoneos;
				SWIFT_OPTIMIZATION_LEVEL = "-Onone";
			};
			name = Debug;
		};
		43F087B61BC07363007FD933 /* Release */ = {
			isa = XCBuildConfiguration;
			buildSettings = {
				ALWAYS_SEARCH_USER_PATHS = NO;
				CLANG_CXX_LANGUAGE_STANDARD = "gnu++0x";
				CLANG_CXX_LIBRARY = "libc++";
				CLANG_ENABLE_MODULES = YES;
				CLANG_ENABLE_OBJC_ARC = YES;
				CLANG_WARN_BOOL_CONVERSION = YES;
				CLANG_WARN_CONSTANT_CONVERSION = YES;
				CLANG_WARN_DIRECT_OBJC_ISA_USAGE = YES_ERROR;
				CLANG_WARN_EMPTY_BODY = YES;
				CLANG_WARN_ENUM_CONVERSION = YES;
				CLANG_WARN_INT_CONVERSION = YES;
				CLANG_WARN_OBJC_ROOT_CLASS = YES_ERROR;
				CLANG_WARN_UNREACHABLE_CODE = YES;
				CLANG_WARN__DUPLICATE_METHOD_MATCH = YES;
				"CODE_SIGN_IDENTITY[sdk=iphoneos*]" = "iPhone Developer";
				COPY_PHASE_STRIP = NO;
				DEBUG_INFORMATION_FORMAT = "dwarf-with-dsym";
				ENABLE_NS_ASSERTIONS = NO;
				ENABLE_STRICT_OBJC_MSGSEND = YES;
				GCC_C_LANGUAGE_STANDARD = gnu99;
				GCC_NO_COMMON_BLOCKS = YES;
				GCC_WARN_64_TO_32_BIT_CONVERSION = YES;
				GCC_WARN_ABOUT_RETURN_TYPE = YES_ERROR;
				GCC_WARN_UNDECLARED_SELECTOR = YES;
				GCC_WARN_UNINITIALIZED_AUTOS = YES_AGGRESSIVE;
				GCC_WARN_UNUSED_FUNCTION = YES;
				GCC_WARN_UNUSED_VARIABLE = YES;
				IPHONEOS_DEPLOYMENT_TARGET = 9.0;
				MTL_ENABLE_DEBUG_INFO = NO;
				SDKROOT = iphoneos;
				VALIDATE_PRODUCT = YES;
			};
			name = Release;
		};
		43F087B81BC07363007FD933 /* Debug */ = {
			isa = XCBuildConfiguration;
			buildSettings = {
				ASSETCATALOG_COMPILER_APPICON_NAME = AppIcon;
				FRAMEWORK_SEARCH_PATHS = (
					"$(inherited)",
					"$(PROJECT_DIR)/Category",
					"$(PROJECT_DIR)",
				);
				INFOPLIST_FILE = Category/Info.plist;
				LD_RUNPATH_SEARCH_PATHS = "$(inherited) @executable_path/Frameworks";
				PRODUCT_BUNDLE_IDENTIFIER = com.Category;
				PRODUCT_NAME = pikkl;
			};
			name = Debug;
		};
		43F087B91BC07363007FD933 /* Release */ = {
			isa = XCBuildConfiguration;
			buildSettings = {
				ASSETCATALOG_COMPILER_APPICON_NAME = AppIcon;
				FRAMEWORK_SEARCH_PATHS = (
					"$(inherited)",
					"$(PROJECT_DIR)/Category",
					"$(PROJECT_DIR)",
				);
				INFOPLIST_FILE = Category/Info.plist;
				LD_RUNPATH_SEARCH_PATHS = "$(inherited) @executable_path/Frameworks";
				PRODUCT_BUNDLE_IDENTIFIER = com.Category;
				PRODUCT_NAME = pikkl;
			};
			name = Release;
		};
/* End XCBuildConfiguration section */

/* Begin XCConfigurationList section */
		43F087A01BC07363007FD933 /* Build configuration list for PBXProject "pikkl" */ = {
			isa = XCConfigurationList;
			buildConfigurations = (
				43F087B51BC07363007FD933 /* Debug */,
				43F087B61BC07363007FD933 /* Release */,
			);
			defaultConfigurationIsVisible = 0;
			defaultConfigurationName = Release;
		};
		43F087B71BC07363007FD933 /* Build configuration list for PBXNativeTarget "pikkl" */ = {
			isa = XCConfigurationList;
			buildConfigurations = (
				43F087B81BC07363007FD933 /* Debug */,
				43F087B91BC07363007FD933 /* Release */,
			);
			defaultConfigurationIsVisible = 0;
			defaultConfigurationName = Release;
		};
/* End XCConfigurationList section */
	};
	rootObject = 43F0879D1BC07363007FD933 /* Project object */;
}
